lockfileVersion: '9.0'

settings:
  autoInstallPeers: true
  excludeLinksFromLockfile: false

importers:

  .:
    dependencies:
      '@paperclipai/adapter-utils':
        specifier: ^2026.325.0
        version: 2026.831.1
      picocolors:
        specifier: ^1.1.0
        version: 1.1.1
    devDependencies:
      '@types/node':
        specifier: ^24.0.0
        version: 24.13.3
      typescript:
        specifier: ^5.7.0
        version: 5.9.3

packages:

  '@paperclipai/adapter-utils@2026.831.1':
    resolution: {integrity: sha512-sWuochCKxzkNH41NHIsdmKT8GUMxYTEgJAyrUMnSnNd7x8gKCjt7N3IQ634ZNGsPG65dx6h8lOG4zKhhTemPJg==}
    engines: {node: '>=24.11.0'}
    bundledDependencies:
      - acpx

  '@types/node@24.13.3':
    resolution: {integrity: sha512-Dh8vAsV36ig5wa9OX4pXvMc9D3Veibfw2wix0CUwYODLD8nkj9UsLjASr49nPg+2eKzxhBV+v7L8pXvT4e639Q==}

  picocolors@1.1.1:
    resolution: {integrity: sha512-xceH2snhtb5M9liqDsmEw56le376mTZkEX/jEb/RxNFyegNul7eNslCXP9FDj/Lcu0X8KEyMceP2ntpaHrDEVA==}

  typescript@5.9.3:
    resolution: {integrity: sha512-jl1vZzPDinLr9eUt3J/t7V6FgNEw9QjvBPdysz9KfQDD41fQrC2Y4vKQdiaUpFT4bXlb1RHhLpp8wtm6M5TgSw==}
    engines: {node: '>=14.17'}
    hasBin: true

  undici-types@7.18.2:
    resolution: {integrity: sha512-AsuCzffGHJybSaRrmr5eHr81mwJU3kjw6M+uprWvCXiNeN9SOGwQ3Jn8jb8m3Z6izVgknn1R0FTCEAP2QrLY/w==}

snapshots:

  '@paperclipai/adapter-utils@2026.831.1':
    dependencies:
      picocolors: 1.1.1

  '@types/node@24.13.3':
    dependencies:
      undici-types: 7.18.2

  picocolors@1.1.1: {}

  typescript@5.9.3: {}

  undici-types@7.18.2: {}
